
Microsoft Visual Studio Solution File, Format Version 12.00
# Visual Studio Version 17
VisualStudioVersion = 17.3.32929.385
MinimumVisualStudioVersion = 10.0.40219.1
Project("{8BC9CEB8-8B4A-11D0-8D11-00A0C91BC942}") = "ConsoleApplication1", "ConsoleApplication1\ConsoleApplication1.vcxproj", "{97FCE7DE-8131-4501-A405-D3F4B5145E74}"
EndProject
Global
	GlobalSection(SolutionConfigurationPlatforms) = preSolution
		Debug|x64 = Debug|x64
		Debug|x86 = Debug|x86
		Release|x64 = Release|x64
		Release|x86 = Release|x86
	EndGlobalSection
	GlobalSection(ProjectConfigurationPlatforms) = postSolution
		{97FCE7DE-8131-4501-A405-D3F4B5145E74}.Debug|x64.ActiveCfg = Debug|x64
		{97FCE7DE-8131-4501-A405-D3F4B5145E74}.Debug|x64.Build.0 = Debug|x64
		{97FCE7DE-8131-4501-A405-D3F4B5145E74}.Debug|x86.ActiveCfg = Debug|Win32
		{97FCE7DE-8131-4501-A405-D3F4B5145E74}.Debug|x86.Build.0 = Debug|Win32
		{97FCE7DE-8131-4501-A405-D3F4B5145E74}.Release|x64.ActiveCfg = Release|x64
		{97FCE7DE-8131-4501-A405-D3F4B5145E74}.Release|x64.Build.0 = Release|x64
		{97FCE7DE-8131-4501-A405-D3F4B5145E74}.Release|x86.ActiveCfg = Release|Win32
		{97FCE7DE-8131-4501-A405-D3F4B5145E74}.Release|x86.Build.0 = Release|Win32
	EndGlobalSection
	GlobalSection(SolutionProperties) = preSolution
		HideSolutionNode = FALSE
	EndGlobalSection
	GlobalSection(ExtensibilityGlobals) = postSolution
		SolutionGuid = {158D0D1E-ACA0-4567-83FA-89D33C8D3702}
	EndGlobalSection
EndGlobal
